{
  "requires": true,
  "lockfileVersion": 1,
  "dependencies": {
    "typescript": {
      "version": "3.2.0-dev.20181106",
      "resolved": "https://registry.npmjs.org/typescript/-/typescript-3.2.0-dev.20181106.tgz",
      "integrity": "sha512-k/PaWTBbpKpykJYBD1OqzdyDi+BGOz9FYGid67ZD4AVVSzn15TmrOdXrHFfe+B5Odv+As0SFfki8ZUMvW0MoiQ=="
    }
  }
}
