lockfileVersion: '9.0'

settings:
  autoInstallPeers: true
  excludeLinksFromLockfile: false

importers:

  .:
    devDependencies:
      tsconfck:
        specifier: ^3.1.4
        version: 3.1.4(typescript@5.7.2)
      typescript:
        specifier: ^5.7.2
        version: 5.7.2

packages:

  tsconfck@3.1.4:
    resolution: {integrity: sha512-kdqWFGVJqe+KGYvlSO9NIaWn9jT1Ny4oKVzAJsKii5eoE9snzTJzL4+MMVOMn+fikWGFmKEylcXL710V/kIPJQ==}
    engines: {node: ^18 || >=20}
    hasBin: true
    peerDependencies:
      typescript: ^5.0.0
    peerDependenciesMeta:
      typescript:
        optional: true

  typescript@5.7.2:
    resolution: {integrity: sha512-i5t66RHxDvVN40HfDd1PsEThGNnlMCMT3jMUuoh9/0TaqWevNontacunWyN02LA9/fIbEWlcHZcgTKb9QoaLfg==}
    engines: {node: '>=14.17'}
    hasBin: true

snapshots:

  tsconfck@3.1.4(typescript@5.7.2):
    optionalDependencies:
      typescript: 5.7.2

  typescript@5.7.2: {}
