# THIS IS AN AUTOGENERATED FILE. DO NOT EDIT THIS FILE DIRECTLY.
# yarn lockfile v1


typescript@^3.6.0-dev.20190615:
  version "3.6.0-dev.20190615"
  resolved "https://registry.yarnpkg.com/typescript/-/typescript-3.6.0-dev.20190615.tgz#02a1a61526318901fc99c274c839cde05d4a4d8c"
  integrity sha512-DKxiKVjcd2Tw5LGCAjO9qw4xr4/bVUyeg0PRf/90xqlnVP+nP6xG17gd0Ujn5rkBd5BDDM6NnXD0GS3rPXmDFA==
